
Microsoft Visual Studio Solution File, Format Version 12.00
# Visual Studio Version 17
VisualStudioVersion = 17.10.35027.167
MinimumVisualStudioVersion = 10.0.40219.1
Project("{FAE04EC0-301F-11D3-BF4B-00C04F79EFBC}") = "Library", "Library\Library.csproj", "{08411F68-406C-4987-8B6C-D2412E9CD2C4}"
EndProject
Global
	GlobalSection(SolutionConfigurationPlatforms) = preSolution
		Debug|Any CPU = Debug|Any CPU
		Release|Any CPU = Release|Any CPU
	EndGlobalSection
	GlobalSection(ProjectConfigurationPlatforms) = postSolution
		{08411F68-406C-4987-8B6C-D2412E9CD2C4}.Debug|Any CPU.ActiveCfg = Debug|Any CPU
		{08411F68-406C-4987-8B6C-D2412E9CD2C4}.Debug|Any CPU.Build.0 = Debug|Any CPU
		{08411F68-406C-4987-8B6C-D2412E9CD2C4}.Release|Any CPU.ActiveCfg = Release|Any CPU
		{08411F68-406C-4987-8B6C-D2412E9CD2C4}.Release|Any CPU.Build.0 = Release|Any CPU
	EndGlobalSection
	GlobalSection(SolutionProperties) = preSolution
		HideSolutionNode = FALSE
	EndGlobalSection
	GlobalSection(ExtensibilityGlobals) = postSolution
		SolutionGuid = {456BDD03-E33C-4E79-ACC0-066C7952CF60}
	EndGlobalSection
EndGlobal
